<?xml version="1.0" encoding="utf-8"?>
<Project ToolsVersion="17.0" xmlns="http://schemas.microsoft.com/developer/msbuild/2003">
  <ItemGroup>
    <ClCompile Include="C:\Users\nicol\Desktop\DevReciproc\DriveA5\src\a5_cli.c">
      <Filter>Source Files</Filter>
    </ClCompile>
  </ItemGroup>
  <ItemGroup>
    <CustomBuild Include="C:\Users\nicol\Desktop\DevReciproc\DriveA5\CMakeLists.txt" />
  </ItemGroup>
  <ItemGroup>
    <Filter Include="Source Files">
      <UniqueIdentifier>{1FBE37F1-267E-389C-972D-DE2991501E0F}</UniqueIdentifier>
    </Filter>
  </ItemGroup>
</Project>
